
Microsoft Visual Studio Solution File, Format Version 12.00
# Visual Studio Version 16
VisualStudioVersion = 16.0.31105.61
MinimumVisualStudioVersion = 10.0.40219.1
Project("{2150E333-8FDC-42A3-9474-1A3956D46DE8}") = "Individual-Project-Data", "Individual-Project-Data", "{57ADCF72-9AC8-4438-8B95-FC8A92F7804E}"
EndProject
Project("{2150E333-8FDC-42A3-9474-1A3956D46DE8}") = "Individual-Project-Business", "Individual-Project-Business", "{D69EA658-5F83-4FFF-8727-EFB089408CE0}"
EndProject
Project("{2150E333-8FDC-42A3-9474-1A3956D46DE8}") = "Individual-Project-WPF", "Individual-Project-WPF", "{A5F874B7-7C5D-408B-A0FE-701E3A7DF658}"
EndProject
Project("{2150E333-8FDC-42A3-9474-1A3956D46DE8}") = "Individual-Project-Tests", "Individual-Project-Tests", "{3C619AE7-7D15-4499-8DAE-656764B975F6}"
EndProject
Project("{9A19103F-16F7-4668-BE54-9A1E7A4F7556}") = "IndividualProjectData", "Individual-Project-Data\IndividualProjectData.csproj", "{87C1611D-A3FF-4691-88A5-CABC495633E0}"
EndProject
Project("{9A19103F-16F7-4668-BE54-9A1E7A4F7556}") = "IndividualProjectBusiness", "IndividualProjectBusiness\IndividualProjectBusiness.csproj", "{5219B1EE-4191-46CD-99AC-80DE40844A1A}"
EndProject
Project("{9A19103F-16F7-4668-BE54-9A1E7A4F7556}") = "ArticleManagerTests", "ArticleManagerTests\ArticleManagerTests.csproj", "{DD2A0632-B172-407B-9C8C-FED243076115}"
EndProject
Project("{9A19103F-16F7-4668-BE54-9A1E7A4F7556}") = "ArticlesWPF", "ArticlesWPF\ArticlesWPF.csproj", "{AA4BF340-E8B4-4692-9D68-28E5A403A2A0}"
EndProject
Global
	GlobalSection(SolutionConfigurationPlatforms) = preSolution
		Debug|Any CPU = Debug|Any CPU
		Release|Any CPU = Release|Any CPU
	EndGlobalSection
	GlobalSection(ProjectConfigurationPlatforms) = postSolution
		{87C1611D-A3FF-4691-88A5-CABC495633E0}.Debug|Any CPU.ActiveCfg = Debug|Any CPU
		{87C1611D-A3FF-4691-88A5-CABC495633E0}.Debug|Any CPU.Build.0 = Debug|Any CPU
		{87C1611D-A3FF-4691-88A5-CABC495633E0}.Release|Any CPU.ActiveCfg = Release|Any CPU
		{87C1611D-A3FF-4691-88A5-CABC495633E0}.Release|Any CPU.Build.0 = Release|Any CPU
		{5219B1EE-4191-46CD-99AC-80DE40844A1A}.Debug|Any CPU.ActiveCfg = Debug|Any CPU
		{5219B1EE-4191-46CD-99AC-80DE40844A1A}.Debug|Any CPU.Build.0 = Debug|Any CPU
		{5219B1EE-4191-46CD-99AC-80DE40844A1A}.Release|Any CPU.ActiveCfg = Release|Any CPU
		{5219B1EE-4191-46CD-99AC-80DE40844A1A}.Release|Any CPU.Build.0 = Release|Any CPU
		{DD2A0632-B172-407B-9C8C-FED243076115}.Debug|Any CPU.ActiveCfg = Debug|Any CPU
		{DD2A0632-B172-407B-9C8C-FED243076115}.Debug|Any CPU.Build.0 = Debug|Any CPU
		{DD2A0632-B172-407B-9C8C-FED243076115}.Release|Any CPU.ActiveCfg = Release|Any CPU
		{DD2A0632-B172-407B-9C8C-FED243076115}.Release|Any CPU.Build.0 = Release|Any CPU
		{AA4BF340-E8B4-4692-9D68-28E5A403A2A0}.Debug|Any CPU.ActiveCfg = Debug|Any CPU
		{AA4BF340-E8B4-4692-9D68-28E5A403A2A0}.Debug|Any CPU.Build.0 = Debug|Any CPU
		{AA4BF340-E8B4-4692-9D68-28E5A403A2A0}.Release|Any CPU.ActiveCfg = Release|Any CPU
		{AA4BF340-E8B4-4692-9D68-28E5A403A2A0}.Release|Any CPU.Build.0 = Release|Any CPU
	EndGlobalSection
	GlobalSection(SolutionProperties) = preSolution
		HideSolutionNode = FALSE
	EndGlobalSection
	GlobalSection(NestedProjects) = preSolution
		{87C1611D-A3FF-4691-88A5-CABC495633E0} = {57ADCF72-9AC8-4438-8B95-FC8A92F7804E}
		{5219B1EE-4191-46CD-99AC-80DE40844A1A} = {D69EA658-5F83-4FFF-8727-EFB089408CE0}
		{DD2A0632-B172-407B-9C8C-FED243076115} = {3C619AE7-7D15-4499-8DAE-656764B975F6}
		{AA4BF340-E8B4-4692-9D68-28E5A403A2A0} = {A5F874B7-7C5D-408B-A0FE-701E3A7DF658}
	EndGlobalSection
	GlobalSection(ExtensibilityGlobals) = postSolution
		SolutionGuid = {DAD27EC5-E080-4B3A-9230-5395C886F0AB}
	EndGlobalSection
EndGlobal
